// !$*UTF8*$!
{
	archiveVersion = 1;
	classes = {
	};
	objectVersion = 50;
	objects = {

/* Begin PBXBuildFile section */
		ACB475E323592B22001987C6 /* AppDelegate.swift in Sources */ = {isa = PBXBuildFile; fileRef = ACB475E223592B22001987C6 /* AppDelegate.swift */; };
		ACB475E523592B22001987C6 /* SceneDelegate.swift in Sources */ = {isa = PBXBuildFile; fileRef = ACB475E423592B22001987C6 /* SceneDelegate.swift */; };
		ACB475E723592B22001987C6 /* ViewController.swift in Sources */ = {isa = PBXBuildFile; fileRef = ACB475E623592B22001987C6 /* ViewController.swift */; };
		ACB475EA23592B22001987C6 /* Main.storyboard in Resources */ = {isa = PBXBuildFile; fileRef = ACB475E823592B22001987C6 /* Main.storyboard */; };
		ACB475EC23592B22001987C6 /* Assets.xcassets in Resources */ = {isa = PBXBuildFile; fileRef = ACB475EB23592B22001987C6 /* Assets.xcassets */; };
		ACB475EF23592B22001987C6 /* LaunchScreen.storyboard in Resources */ = {isa = PBXBuildFile; fileRef = ACB475ED23592B22001987C6 /* LaunchScreen.storyboard */; };
		ACB475F423592B22001987C6 /* DinoSpotter WatchKit App.app in Embed Watch Content */ = {isa = PBXBuildFile; fileRef = ACB475F323592B22001987C6 /* DinoSpotter WatchKit App.app */; settings = {ATTRIBUTES = (RemoveHeadersOnCopy, ); }; };
		ACB475FA23592B22001987C6 /* Interface.storyboard in Resources */ = {isa = PBXBuildFile; fileRef = ACB475F823592B22001987C6 /* Interface.storyboard */; };
		ACB475FC23592B23001987C6 /* Assets.xcassets in Resources */ = {isa = PBXBuildFile; fileRef = ACB475FB23592B23001987C6 /* Assets.xcassets */; };
		ACB4760323592B23001987C6 /* DinoSpotter WatchKit Extension.appex in Embed App Extensions */ = {isa = PBXBuildFile; fileRef = ACB4760223592B23001987C6 /* DinoSpotter WatchKit Extension.appex */; settings = {ATTRIBUTES = (RemoveHeadersOnCopy, ); }; };
		ACB4760823592B23001987C6 /* InterfaceController.swift in Sources */ = {isa = PBXBuildFile; fileRef = ACB4760723592B23001987C6 /* InterfaceController.swift */; };
		ACB4760A23592B23001987C6 /* ExtensionDelegate.swift in Sources */ = {isa = PBXBuildFile; fileRef = ACB4760923592B23001987C6 /* ExtensionDelegate.swift */; };
		ACB4760C23592B23001987C6 /* Assets.xcassets in Resources */ = {isa = PBXBuildFile; fileRef = ACB4760B23592B23001987C6 /* Assets.xcassets */; };
/* End PBXBuildFile section */

/* Begin PBXContainerItemProxy section */
		ACB475F523592B22001987C6 /* PBXContainerItemProxy */ = {
			isa = PBXContainerItemProxy;
			containerPortal = ACB475D723592B22001987C6 /* Project object */;
			proxyType = 1;
			remoteGlobalIDString = ACB475F223592B22001987C6;
			remoteInfo = "DinoSpotter WatchKit App";
		};
		ACB4760423592B23001987C6 /* PBXContainerItemProxy */ = {
			isa = PBXContainerItemProxy;
			containerPortal = ACB475D723592B22001987C6 /* Project object */;
			proxyType = 1;
			remoteGlobalIDString = ACB4760123592B23001987C6;
			remoteInfo = "DinoSpotter WatchKit Extension";
		};
/* End PBXContainerItemProxy section */

/* Begin PBXCopyFilesBuildPhase section */
		ACB4761323592B23001987C6 /* Embed App Extensions */ = {
			isa = PBXCopyFilesBuildPhase;
			buildActionMask = 2147483647;
			dstPath = "";
			dstSubfolderSpec = 13;
			files = (
				ACB4760323592B23001987C6 /* DinoSpotter WatchKit Extension.appex in Embed App Extensions */,
			);
			name = "Embed App Extensions";
			runOnlyForDeploymentPostprocessing = 0;
		};
		ACB4761723592B23001987C6 /* Embed Watch Content */ = {
			isa = PBXCopyFilesBuildPhase;
			buildActionMask = 2147483647;
			dstPath = "$(CONTENTS_FOLDER_PATH)/Watch";
			dstSubfolderSpec = 16;
			files = (
				ACB475F423592B22001987C6 /* DinoSpotter WatchKit App.app in Embed Watch Content */,
			);
			name = "Embed Watch Content";
			runOnlyForDeploymentPostprocessing = 0;
		};
/* End PBXCopyFilesBuildPhase section */

/* Begin PBXFileReference section */
		ACB475DF23592B22001987C6 /* DinoSpotter.app */ = {isa = PBXFileReference; explicitFileType = wrapper.application; includeInIndex = 0; path = DinoSpotter.app; sourceTree = BUILT_PRODUCTS_DIR; };
		ACB475E223592B22001987C6 /* AppDelegate.swift */ = {isa = PBXFileReference; lastKnownFileType = sourcecode.swift; path = AppDelegate.swift; sourceTree = "<group>"; };
		ACB475E423592B22001987C6 /* SceneDelegate.swift */ = {isa = PBXFileReference; lastKnownFileType = sourcecode.swift; path = SceneDelegate.swift; sourceTree = "<group>"; };
		ACB475E623592B22001987C6 /* ViewController.swift */ = {isa = PBXFileReference; lastKnownFileType = sourcecode.swift; path = ViewController.swift; sourceTree = "<group>"; };
		ACB475E923592B22001987C6 /* Base */ = {isa = PBXFileReference; lastKnownFileType = file.storyboard; name = Base; path = Base.lproj/Main.storyboard; sourceTree = "<group>"; };
		ACB475EB23592B22001987C6 /* Assets.xcassets */ = {isa = PBXFileReference; lastKnownFileType = folder.assetcatalog; path = Assets.xcassets; sourceTree = "<group>"; };
		ACB475EE23592B22001987C6 /* Base */ = {isa = PBXFileReference; lastKnownFileType = file.storyboard; name = Base; path = Base.lproj/LaunchScreen.storyboard; sourceTree = "<group>"; };
		ACB475F023592B22001987C6 /* Info.plist */ = {isa = PBXFileReference; lastKnownFileType = text.plist.xml; path = Info.plist; sourceTree = "<group>"; };
		ACB475F323592B22001987C6 /* DinoSpotter WatchKit App.app */ = {isa = PBXFileReference; explicitFileType = wrapper.application; includeInIndex = 0; path = "DinoSpotter WatchKit App.app"; sourceTree = BUILT_PRODUCTS_DIR; };
		ACB475F923592B22001987C6 /* Base */ = {isa = PBXFileReference; lastKnownFileType = file.storyboard; name = Base; path = Base.lproj/Interface.storyboard; sourceTree = "<group>"; };
		ACB475FB23592B23001987C6 /* Assets.xcassets */ = {isa = PBXFileReference; lastKnownFileType = folder.assetcatalog; path = Assets.xcassets; sourceTree = "<group>"; };
		ACB475FD23592B23001987C6 /* Info.plist */ = {isa = PBXFileReference; lastKnownFileType = text.plist.xml; path = Info.plist; sourceTree = "<group>"; };
		ACB4760223592B23001987C6 /* DinoSpotter WatchKit Extension.appex */ = {isa = PBXFileReference; explicitFileType = "wrapper.app-extension"; includeInIndex = 0; path = "DinoSpotter WatchKit Extension.appex"; sourceTree = BUILT_PRODUCTS_DIR; };
		ACB4760723592B23001987C6 /* InterfaceController.swift */ = {isa = PBXFileReference; lastKnownFileType = sourcecode.swift; path = InterfaceController.swift; sourceTree = "<group>"; };
		ACB4760923592B23001987C6 /* ExtensionDelegate.swift */ = {isa = PBXFileReference; lastKnownFileType = sourcecode.swift; path = ExtensionDelegate.swift; sourceTree = "<group>"; };
		ACB4760B23592B23001987C6 /* Assets.xcassets */ = {isa = PBXFileReference; lastKnownFileType = folder.assetcatalog; path = Assets.xcassets; sourceTree = "<group>"; };
		ACB4760D23592B23001987C6 /* Info.plist */ = {isa = PBXFileReference; lastKnownFileType = text.plist.xml; path = Info.plist; sourceTree = "<group>"; };
/* End PBXFileReference section */

/* Begin PBXFrameworksBuildPhase section */
		ACB475DC23592B22001987C6 /* Frameworks */ = {
			isa = PBXFrameworksBuildPhase;
			buildActionMask = 2147483647;
			files = (
			);
			runOnlyForDeploymentPostprocessing = 0;
		};
		ACB475FF23592B23001987C6 /* Frameworks */ = {
			isa = PBXFrameworksBuildPhase;
			buildActionMask = 2147483647;
			files = (
			);
			runOnlyForDeploymentPostprocessing = 0;
		};
/* End PBXFrameworksBuildPhase section */

/* Begin PBXGroup section */
		ACB475D623592B22001987C6 = {
			isa = PBXGroup;
			children = (
				ACB475E123592B22001987C6 /* DinoSpotter */,
				ACB475F723592B22001987C6 /* DinoSpotter WatchKit App */,
				ACB4760623592B23001987C6 /* DinoSpotter WatchKit Extension */,
				ACB475E023592B22001987C6 /* Products */,
			);
			sourceTree = "<group>";
		};
		ACB475E023592B22001987C6 /* Products */ = {
			isa = PBXGroup;
			children = (
				ACB475DF23592B22001987C6 /* DinoSpotter.app */,
				ACB475F323592B22001987C6 /* DinoSpotter WatchKit App.app */,
				ACB4760223592B23001987C6 /* DinoSpotter WatchKit Extension.appex */,
			);
			name = Products;
			sourceTree = "<group>";
		};
		ACB475E123592B22001987C6 /* DinoSpotter */ = {
			isa = PBXGroup;
			children = (
				ACB475E223592B22001987C6 /* AppDelegate.swift */,
				ACB475E423592B22001987C6 /* SceneDelegate.swift */,
				ACB475E623592B22001987C6 /* ViewController.swift */,
				ACB475E823592B22001987C6 /* Main.storyboard */,
				ACB475EB23592B22001987C6 /* Assets.xcassets */,
				ACB475ED23592B22001987C6 /* LaunchScreen.storyboard */,
				ACB475F023592B22001987C6 /* Info.plist */,
			);
			path = DinoSpotter;
			sourceTree = "<group>";
		};
		ACB475F723592B22001987C6 /* DinoSpotter WatchKit App */ = {
			isa = PBXGroup;
			children = (
				ACB475F823592B22001987C6 /* Interface.storyboard */,
				ACB475FB23592B23001987C6 /* Assets.xcassets */,
				ACB475FD23592B23001987C6 /* Info.plist */,
			);
			path = "DinoSpotter WatchKit App";
			sourceTree = "<group>";
		};
		ACB4760623592B23001987C6 /* DinoSpotter WatchKit Extension */ = {
			isa = PBXGroup;
			children = (
				ACB4760723592B23001987C6 /* InterfaceController.swift */,
				ACB4760923592B23001987C6 /* ExtensionDelegate.swift */,
				ACB4760B23592B23001987C6 /* Assets.xcassets */,
				ACB4760D23592B23001987C6 /* Info.plist */,
			);
			path = "DinoSpotter WatchKit Extension";
			sourceTree = "<group>";
		};
/* End PBXGroup section */

/* Begin PBXNativeTarget section */
		ACB475DE23592B22001987C6 /* DinoSpotter */ = {
			isa = PBXNativeTarget;
			buildConfigurationList = ACB4761823592B23001987C6 /* Build configuration list for PBXNativeTarget "DinoSpotter" */;
			buildPhases = (
				ACB475DB23592B22001987C6 /* Sources */,
				ACB475DC23592B22001987C6 /* Frameworks */,
				ACB475DD23592B22001987C6 /* Resources */,
				ACB4761723592B23001987C6 /* Embed Watch Content */,
			);
			buildRules = (
			);
			dependencies = (
				ACB475F623592B22001987C6 /* PBXTargetDependency */,
			);
			name = DinoSpotter;
			productName = DinoSpotter;
			productReference = ACB475DF23592B22001987C6 /* DinoSpotter.app */;
			productType = "com.apple.product-type.application";
		};
		ACB475F223592B22001987C6 /* DinoSpotter WatchKit App */ = {
			isa = PBXNativeTarget;
			buildConfigurationList = ACB4761423592B23001987C6 /* Build configuration list for PBXNativeTarget "DinoSpotter WatchKit App" */;
			buildPhases = (
				ACB475F123592B22001987C6 /* Resources */,
				ACB4761323592B23001987C6 /* Embed App Extensions */,
			);
			buildRules = (
			);
			dependencies = (
				ACB4760523592B23001987C6 /* PBXTargetDependency */,
			);
			name = "DinoSpotter WatchKit App";
			productName = "DinoSpotter WatchKit App";
			productReference = ACB475F323592B22001987C6 /* DinoSpotter WatchKit App.app */;
			productType = "com.apple.product-type.application.watchapp2";
		};
		ACB4760123592B23001987C6 /* DinoSpotter WatchKit Extension */ = {
			isa = PBXNativeTarget;
			buildConfigurationList = ACB4761023592B23001987C6 /* Build configuration list for PBXNativeTarget "DinoSpotter WatchKit Extension" */;
			buildPhases = (
				ACB475FE23592B23001987C6 /* Sources */,
				ACB475FF23592B23001987C6 /* Frameworks */,
				ACB4760023592B23001987C6 /* Resources */,
			);
			buildRules = (
			);
			dependencies = (
			);
			name = "DinoSpotter WatchKit Extension";
			productName = "DinoSpotter WatchKit Extension";
			productReference = ACB4760223592B23001987C6 /* DinoSpotter WatchKit Extension.appex */;
			productType = "com.apple.product-type.watchkit2-extension";
		};
/* End PBXNativeTarget section */

/* Begin PBXProject section */
		ACB475D723592B22001987C6 /* Project object */ = {
			isa = PBXProject;
			attributes = {
				LastSwiftUpdateCheck = 1110;
				LastUpgradeCheck = 1110;
				ORGANIZATIONNAME = "The Garage Innovation";
				TargetAttributes = {
					ACB475DE23592B22001987C6 = {
						CreatedOnToolsVersion = 11.1;
					};
					ACB475F223592B22001987C6 = {
						CreatedOnToolsVersion = 11.1;
					};
					ACB4760123592B23001987C6 = {
						CreatedOnToolsVersion = 11.1;
					};
				};
			};
			buildConfigurationList = ACB475DA23592B22001987C6 /* Build configuration list for PBXProject "DinoSpotter" */;
			compatibilityVersion = "Xcode 9.3";
			developmentRegion = en;
			hasScannedForEncodings = 0;
			knownRegions = (
				en,
				Base,
			);
			mainGroup = ACB475D623592B22001987C6;
			productRefGroup = ACB475E023592B22001987C6 /* Products */;
			projectDirPath = "";
			projectRoot = "";
			targets = (
				ACB475DE23592B22001987C6 /* DinoSpotter */,
				ACB475F223592B22001987C6 /* DinoSpotter WatchKit App */,
				ACB4760123592B23001987C6 /* DinoSpotter WatchKit Extension */,
			);
		};
/* End PBXProject section */

/* Begin PBXResourcesBuildPhase section */
		ACB475DD23592B22001987C6 /* Resources */ = {
			isa = PBXResourcesBuildPhase;
			buildActionMask = 2147483647;
			files = (
				ACB475EF23592B22001987C6 /* LaunchScreen.storyboard in Resources */,
				ACB475EC23592B22001987C6 /* Assets.xcassets in Resources */,
				ACB475EA23592B22001987C6 /* Main.storyboard in Resources */,
			);
			runOnlyForDeploymentPostprocessing = 0;
		};
		ACB475F123592B22001987C6 /* Resources */ = {
			isa = PBXResourcesBuildPhase;
			buildActionMask = 2147483647;
			files = (
				ACB475FC23592B23001987C6 /* Assets.xcassets in Resources */,
				ACB475FA23592B22001987C6 /* Interface.storyboard in Resources */,
			);
			runOnlyForDeploymentPostprocessing = 0;
		};
		ACB4760023592B23001987C6 /* Resources */ = {
			isa = PBXResourcesBuildPhase;
			buildActionMask = 2147483647;
			files = (
				ACB4760C23592B23001987C6 /* Assets.xcassets in Resources */,
			);
			runOnlyForDeploymentPostprocessing = 0;
		};
/* End PBXResourcesBuildPhase section */

/* Begin PBXSourcesBuildPhase section */
		ACB475DB23592B22001987C6 /* Sources */ = {
			isa = PBXSourcesBuildPhase;
			buildActionMask = 2147483647;
			files = (
				ACB475E723592B22001987C6 /* ViewController.swift in Sources */,
				ACB475E323592B22001987C6 /* AppDelegate.swift in Sources */,
				ACB475E523592B22001987C6 /* SceneDelegate.swift in Sources */,
			);
			runOnlyForDeploymentPostprocessing = 0;
		};
		ACB475FE23592B23001987C6 /* Sources */ = {
			isa = PBXSourcesBuildPhase;
			buildActionMask = 2147483647;
			files = (
				ACB4760A23592B23001987C6 /* ExtensionDelegate.swift in Sources */,
				ACB4760823592B23001987C6 /* InterfaceController.swift in Sources */,
			);
			runOnlyForDeploymentPostprocessing = 0;
		};
/* End PBXSourcesBuildPhase section */

/* Begin PBXTargetDependency section */
		ACB475F623592B22001987C6 /* PBXTargetDependency */ = {
			isa = PBXTargetDependency;
			target = ACB475F223592B22001987C6 /* DinoSpotter WatchKit App */;
			targetProxy = ACB475F523592B22001987C6 /* PBXContainerItemProxy */;
		};
		ACB4760523592B23001987C6 /* PBXTargetDependency */ = {
			isa = PBXTargetDependency;
			target = ACB4760123592B23001987C6 /* DinoSpotter WatchKit Extension */;
			targetProxy = ACB4760423592B23001987C6 /* PBXContainerItemProxy */;
		};
/* End PBXTargetDependency section */

/* Begin PBXVariantGroup section */
		ACB475E823592B22001987C6 /* Main.storyboard */ = {
			isa = PBXVariantGroup;
			children = (
				ACB475E923592B22001987C6 /* Base */,
			);
			name = Main.storyboard;
			sourceTree = "<group>";
		};
		ACB475ED23592B22001987C6 /* LaunchScreen.storyboard */ = {
			isa = PBXVariantGroup;
			children = (
				ACB475EE23592B22001987C6 /* Base */,
			);
			name = LaunchScreen.storyboard;
			sourceTree = "<group>";
		};
		ACB475F823592B22001987C6 /* Interface.storyboard */ = {
			isa = PBXVariantGroup;
			children = (
				ACB475F923592B22001987C6 /* Base */,
			);
			name = Interface.storyboard;
			sourceTree = "<group>";
		};
/* End PBXVariantGroup section */

/* Begin XCBuildConfiguration section */
		ACB4760E23592B23001987C6 /* Debug */ = {
			isa = XCBuildConfiguration;
			buildSettings = {
				ALWAYS_SEARCH_USER_PATHS = NO;
				CLANG_ANALYZER_NONNULL = YES;
				CLANG_ANALYZER_NUMBER_OBJECT_CONVERSION = YES_AGGRESSIVE;
				CLANG_CXX_LANGUAGE_STANDARD = "gnu++14";
				CLANG_CXX_LIBRARY = "libc++";
				CLANG_ENABLE_MODULES = YES;
				CLANG_ENABLE_OBJC_ARC = YES;
				CLANG_ENABLE_OBJC_WEAK = YES;
				CLANG_WARN_BLOCK_CAPTURE_AUTORELEASING = YES;
				CLANG_WARN_BOOL_CONVERSION = YES;
				CLANG_WARN_COMMA = YES;
				CLANG_WARN_CONSTANT_CONVERSION = YES;
				CLANG_WARN_DEPRECATED_OBJC_IMPLEMENTATIONS = YES;
				CLANG_WARN_DIRECT_OBJC_ISA_USAGE = YES_ERROR;
				CLANG_WARN_DOCUMENTATION_COMMENTS = YES;
				CLANG_WARN_EMPTY_BODY = YES;
				CLANG_WARN_ENUM_CONVERSION = YES;
				CLANG_WARN_INFINITE_RECURSION = YES;
				CLANG_WARN_INT_CONVERSION = YES;
				CLANG_WARN_NON_LITERAL_NULL_CONVERSION = YES;
				CLANG_WARN_OBJC_IMPLICIT_RETAIN_SELF = YES;
				CLANG_WARN_OBJC_LITERAL_CONVERSION = YES;
				CLANG_WARN_OBJC_ROOT_CLASS = YES_ERROR;
				CLANG_WARN_RANGE_LOOP_ANALYSIS = YES;
				CLANG_WARN_STRICT_PROTOTYPES = YES;
				CLANG_WARN_SUSPICIOUS_MOVE = YES;
				CLANG_WARN_UNGUARDED_AVAILABILITY = YES_AGGRESSIVE;
				CLANG_WARN_UNREACHABLE_CODE = YES;
				CLANG_WARN__DUPLICATE_METHOD_MATCH = YES;
				COPY_PHASE_STRIP = NO;
				DEBUG_INFORMATION_FORMAT = dwarf;
				ENABLE_STRICT_OBJC_MSGSEND = YES;
				ENABLE_TESTABILITY = YES;
				GCC_C_LANGUAGE_STANDARD = gnu11;
				GCC_DYNAMIC_NO_PIC = NO;
				GCC_NO_COMMON_BLOCKS = YES;
				GCC_OPTIMIZATION_LEVEL = 0;
				GCC_PREPROCESSOR_DEFINITIONS = (
					"DEBUG=1",
					"$(inherited)",
				);
				GCC_WARN_64_TO_32_BIT_CONVERSION = YES;
				GCC_WARN_ABOUT_RETURN_TYPE = YES_ERROR;
				GCC_WARN_UNDECLARED_SELECTOR = YES;
				GCC_WARN_UNINITIALIZED_AUTOS = YES_AGGRESSIVE;
				GCC_WARN_UNUSED_FUNCTION = YES;
				GCC_WARN_UNUSED_VARIABLE = YES;
				IPHONEOS_DEPLOYMENT_TARGET = 13.1;
				MTL_ENABLE_DEBUG_INFO = INCLUDE_SOURCE;
				MTL_FAST_MATH = YES;
				ONLY_ACTIVE_ARCH = YES;
				SDKROOT = iphoneos;
				SWIFT_ACTIVE_COMPILATION_CONDITIONS = DEBUG;
				SWIFT_OPTIMIZATION_LEVEL = "-Onone";
			};
			name = Debug;
		};
		ACB4760F23592B23001987C6 /* Release */ = {
			isa = XCBuildConfiguration;
			buildSettings = {
				ALWAYS_SEARCH_USER_PATHS = NO;
				CLANG_ANALYZER_NONNULL = YES;
				CLANG_ANALYZER_NUMBER_OBJECT_CONVERSION = YES_AGGRESSIVE;
				CLANG_CXX_LANGUAGE_STANDARD = "gnu++14";
				CLANG_CXX_LIBRARY = "libc++";
				CLANG_ENABLE_MODULES = YES;
				CLANG_ENABLE_OBJC_ARC = YES;
				CLANG_ENABLE_OBJC_WEAK = YES;
				CLANG_WARN_BLOCK_CAPTURE_AUTORELEASING = YES;
				CLANG_WARN_BOOL_CONVERSION = YES;
				CLANG_WARN_COMMA = YES;
				CLANG_WARN_CONSTANT_CONVERSION = YES;
				CLANG_WARN_DEPRECATED_OBJC_IMPLEMENTATIONS = YES;
				CLANG_WARN_DIRECT_OBJC_ISA_USAGE = YES_ERROR;
				CLANG_WARN_DOCUMENTATION_COMMENTS = YES;
				CLANG_WARN_EMPTY_BODY = YES;
				CLANG_WARN_ENUM_CONVERSION = YES;
				CLANG_WARN_INFINITE_RECURSION = YES;
				CLANG_WARN_INT_CONVERSION = YES;
				CLANG_WARN_NON_LITERAL_NULL_CONVERSION = YES;
				CLANG_WARN_OBJC_IMPLICIT_RETAIN_SELF = YES;
				CLANG_WARN_OBJC_LITERAL_CONVERSION = YES;
				CLANG_WARN_OBJC_ROOT_CLASS = YES_ERROR;
				CLANG_WARN_RANGE_LOOP_ANALYSIS = YES;
				CLANG_WARN_STRICT_PROTOTYPES = YES;
				CLANG_WARN_SUSPICIOUS_MOVE = YES;
				CLANG_WARN_UNGUARDED_AVAILABILITY = YES_AGGRESSIVE;
				CLANG_WARN_UNREACHABLE_CODE = YES;
				CLANG_WARN__DUPLICATE_METHOD_MATCH = YES;
				COPY_PHASE_STRIP = NO;
				DEBUG_INFORMATION_FORMAT = "dwarf-with-dsym";
				ENABLE_NS_ASSERTIONS = NO;
				ENABLE_STRICT_OBJC_MSGSEND = YES;
				GCC_C_LANGUAGE_STANDARD = gnu11;
				GCC_NO_COMMON_BLOCKS = YES;
				GCC_WARN_64_TO_32_BIT_CONVERSION = YES;
				GCC_WARN_ABOUT_RETURN_TYPE = YES_ERROR;
				GCC_WARN_UNDECLARED_SELECTOR = YES;
				GCC_WARN_UNINITIALIZED_AUTOS = YES_AGGRESSIVE;
				GCC_WARN_UNUSED_FUNCTION = YES;
				GCC_WARN_UNUSED_VARIABLE = YES;
				IPHONEOS_DEPLOYMENT_TARGET = 13.1;
				MTL_ENABLE_DEBUG_INFO = NO;
				MTL_FAST_MATH = YES;
				SDKROOT = iphoneos;
				SWIFT_COMPILATION_MODE = wholemodule;
				SWIFT_OPTIMIZATION_LEVEL = "-O";
				VALIDATE_PRODUCT = YES;
			};
			name = Release;
		};
		ACB4761123592B23001987C6 /* Debug */ = {
			isa = XCBuildConfiguration;
			buildSettings = {
				ASSETCATALOG_COMPILER_COMPLICATION_NAME = Complication;
				CODE_SIGN_STYLE = Automatic;
				DEVELOPMENT_TEAM = 4G38V92ED7;
				INFOPLIST_FILE = "DinoSpotter WatchKit Extension/Info.plist";
				LD_RUNPATH_SEARCH_PATHS = (
					"$(inherited)",
					"@executable_path/Frameworks",
					"@executable_path/../../Frameworks",
				);
				PRODUCT_BUNDLE_IDENTIFIER = com.thegarageinnovation.DinoSpotter.watchkitapp.watchkitextension;
				PRODUCT_NAME = "${TARGET_NAME}";
				SDKROOT = watchos;
				SKIP_INSTALL = YES;
				SWIFT_VERSION = 5.0;
				TARGETED_DEVICE_FAMILY = 4;
				WATCHOS_DEPLOYMENT_TARGET = 6.0;
			};
			name = Debug;
		};
		ACB4761223592B23001987C6 /* Release */ = {
			isa = XCBuildConfiguration;
			buildSettings = {
				ASSETCATALOG_COMPILER_COMPLICATION_NAME = Complication;
				CODE_SIGN_STYLE = Automatic;
				DEVELOPMENT_TEAM = 4G38V92ED7;
				INFOPLIST_FILE = "DinoSpotter WatchKit Extension/Info.plist";
				LD_RUNPATH_SEARCH_PATHS = (
					"$(inherited)",
					"@executable_path/Frameworks",
					"@executable_path/../../Frameworks",
				);
				PRODUCT_BUNDLE_IDENTIFIER = com.thegarageinnovation.DinoSpotter.watchkitapp.watchkitextension;
				PRODUCT_NAME = "${TARGET_NAME}";
				SDKROOT = watchos;
				SKIP_INSTALL = YES;
				SWIFT_VERSION = 5.0;
				TARGETED_DEVICE_FAMILY = 4;
				WATCHOS_DEPLOYMENT_TARGET = 6.0;
			};
			name = Release;
		};
		ACB4761523592B23001987C6 /* Debug */ = {
			isa = XCBuildConfiguration;
			buildSettings = {
				ALWAYS_EMBED_SWIFT_STANDARD_LIBRARIES = YES;
				ASSETCATALOG_COMPILER_APPICON_NAME = AppIcon;
				CODE_SIGN_STYLE = Automatic;
				DEVELOPMENT_TEAM = 4G38V92ED7;
				IBSC_MODULE = DinoSpotter_WatchKit_Extension;
				INFOPLIST_FILE = "DinoSpotter WatchKit App/Info.plist";
				PRODUCT_BUNDLE_IDENTIFIER = com.thegarageinnovation.DinoSpotter.watchkitapp;
				PRODUCT_NAME = "$(TARGET_NAME)";
				SDKROOT = watchos;
				SKIP_INSTALL = YES;
				SWIFT_VERSION = 5.0;
				TARGETED_DEVICE_FAMILY = 4;
				WATCHOS_DEPLOYMENT_TARGET = 6.0;
			};
			name = Debug;
		};
		ACB4761623592B23001987C6 /* Release */ = {
			isa = XCBuildConfiguration;
			buildSettings = {
				ALWAYS_EMBED_SWIFT_STANDARD_LIBRARIES = YES;
				ASSETCATALOG_COMPILER_APPICON_NAME = AppIcon;
				CODE_SIGN_STYLE = Automatic;
				DEVELOPMENT_TEAM = 4G38V92ED7;
				IBSC_MODULE = DinoSpotter_WatchKit_Extension;
				INFOPLIST_FILE = "DinoSpotter WatchKit App/Info.plist";
				PRODUCT_BUNDLE_IDENTIFIER = com.thegarageinnovation.DinoSpotter.watchkitapp;
				PRODUCT_NAME = "$(TARGET_NAME)";
				SDKROOT = watchos;
				SKIP_INSTALL = YES;
				SWIFT_VERSION = 5.0;
				TARGETED_DEVICE_FAMILY = 4;
				WATCHOS_DEPLOYMENT_TARGET = 6.0;
			};
			name = Release;
		};
		ACB4761923592B23001987C6 /* Debug */ = {
			isa = XCBuildConfiguration;
			buildSettings = {
				ASSETCATALOG_COMPILER_APPICON_NAME = AppIcon;
				CODE_SIGN_STYLE = Automatic;
				DEVELOPMENT_TEAM = 4G38V92ED7;
				INFOPLIST_FILE = DinoSpotter/Info.plist;
				LD_RUNPATH_SEARCH_PATHS = (
					"$(inherited)",
					"@executable_path/Frameworks",
				);
				PRODUCT_BUNDLE_IDENTIFIER = com.thegarageinnovation.DinoSpotter;
				PRODUCT_NAME = "$(TARGET_NAME)";
				SWIFT_VERSION = 5.0;
				TARGETED_DEVICE_FAMILY = "1,2";
			};
			name = Debug;
		};
		ACB4761A23592B23001987C6 /* Release */ = {
			isa = XCBuildConfiguration;
			buildSettings = {
				ASSETCATALOG_COMPILER_APPICON_NAME = AppIcon;
				CODE_SIGN_STYLE = Automatic;
				DEVELOPMENT_TEAM = 4G38V92ED7;
				INFOPLIST_FILE = DinoSpotter/Info.plist;
				LD_RUNPATH_SEARCH_PATHS = (
					"$(inherited)",
					"@executable_path/Frameworks",
				);
				PRODUCT_BUNDLE_IDENTIFIER = com.thegarageinnovation.DinoSpotter;
				PRODUCT_NAME = "$(TARGET_NAME)";
				SWIFT_VERSION = 5.0;
				TARGETED_DEVICE_FAMILY = "1,2";
			};
			name = Release;
		};
/* End XCBuildConfiguration section */

/* Begin XCConfigurationList section */
		ACB475DA23592B22001987C6 /* Build configuration list for PBXProject "DinoSpotter" */ = {
			isa = XCConfigurationList;
			buildConfigurations = (
				ACB4760E23592B23001987C6 /* Debug */,
				ACB4760F23592B23001987C6 /* Release */,
			);
			defaultConfigurationIsVisible = 0;
			defaultConfigurationName = Release;
		};
		ACB4761023592B23001987C6 /* Build configuration list for PBXNativeTarget "DinoSpotter WatchKit Extension" */ = {
			isa = XCConfigurationList;
			buildConfigurations = (
				ACB4761123592B23001987C6 /* Debug */,
				ACB4761223592B23001987C6 /* Release */,
			);
			defaultConfigurationIsVisible = 0;
			defaultConfigurationName = Release;
		};
		ACB4761423592B23001987C6 /* Build configuration list for PBXNativeTarget "DinoSpotter WatchKit App" */ = {
			isa = XCConfigurationList;
			buildConfigurations = (
				ACB4761523592B23001987C6 /* Debug */,
				ACB4761623592B23001987C6 /* Release */,
			);
			defaultConfigurationIsVisible = 0;
			defaultConfigurationName = Release;
		};
		ACB4761823592B23001987C6 /* Build configuration list for PBXNativeTarget "DinoSpotter" */ = {
			isa = XCConfigurationList;
			buildConfigurations = (
				ACB4761923592B23001987C6 /* Debug */,
				ACB4761A23592B23001987C6 /* Release */,
			);
			defaultConfigurationIsVisible = 0;
			defaultConfigurationName = Release;
		};
/* End XCConfigurationList section */
	};
	rootObject = ACB475D723592B22001987C6 /* Project object */;
}
